
Microsoft Visual Studio Solution File, Format Version 12.00
# Visual Studio Version 17
VisualStudioVersion = 17.5.33502.453
MinimumVisualStudioVersion = 10.0.40219.1
Project("{FAE04EC0-301F-11D3-BF4B-00C04F79EFBC}") = "ExchangeRate", "ExchangeRate\ExchangeRate.csproj", "{BFE5E80B-808A-41CB-8A9E-E72A8C4CDB17}"
EndProject
Global
	GlobalSection(SolutionConfigurationPlatforms) = preSolution
		Debug|Any CPU = Debug|Any CPU
		Release|Any CPU = Release|Any CPU
	EndGlobalSection
	GlobalSection(ProjectConfigurationPlatforms) = postSolution
		{BFE5E80B-808A-41CB-8A9E-E72A8C4CDB17}.Debug|Any CPU.ActiveCfg = Debug|Any CPU
		{BFE5E80B-808A-41CB-8A9E-E72A8C4CDB17}.Debug|Any CPU.Build.0 = Debug|Any CPU
		{BFE5E80B-808A-41CB-8A9E-E72A8C4CDB17}.Release|Any CPU.ActiveCfg = Release|Any CPU
		{BFE5E80B-808A-41CB-8A9E-E72A8C4CDB17}.Release|Any CPU.Build.0 = Release|Any CPU
	EndGlobalSection
	GlobalSection(SolutionProperties) = preSolution
		HideSolutionNode = FALSE
	EndGlobalSection
	GlobalSection(ExtensibilityGlobals) = postSolution
		SolutionGuid = {66CF3CBC-62A6-45C9-87F8-AA9F440A2883}
	EndGlobalSection
EndGlobal
